
Microsoft Visual Studio Solution File, Format Version 12.00
# Visual Studio Version 16
VisualStudioVersion = 16.0.29230.47
MinimumVisualStudioVersion = 10.0.40219.1
Project("{FAE04EC0-301F-11D3-BF4B-00C04F79EFBC}") = "InheritanceHW", "InheritanceHW\InheritanceHW.csproj", "{E8BA625B-7ED0-40E5-B768-9F56BA7E6FEA}"
EndProject
Global
	GlobalSection(SolutionConfigurationPlatforms) = preSolution
		Debug|Any CPU = Debug|Any CPU
		Release|Any CPU = Release|Any CPU
	EndGlobalSection
	GlobalSection(ProjectConfigurationPlatforms) = postSolution
		{E8BA625B-7ED0-40E5-B768-9F56BA7E6FEA}.Debug|Any CPU.ActiveCfg = Debug|Any CPU
		{E8BA625B-7ED0-40E5-B768-9F56BA7E6FEA}.Debug|Any CPU.Build.0 = Debug|Any CPU
		{E8BA625B-7ED0-40E5-B768-9F56BA7E6FEA}.Release|Any CPU.ActiveCfg = Release|Any CPU
		{E8BA625B-7ED0-40E5-B768-9F56BA7E6FEA}.Release|Any CPU.Build.0 = Release|Any CPU
	EndGlobalSection
	GlobalSection(SolutionProperties) = preSolution
		HideSolutionNode = FALSE
	EndGlobalSection
	GlobalSection(ExtensibilityGlobals) = postSolution
		SolutionGuid = {F9891F56-C1C8-4143-AE67-8FD2583F2988}
	EndGlobalSection
EndGlobal
